
Microsoft Visual Studio Solution File, Format Version 12.00
# Visual Studio Version 16
VisualStudioVersion = 25.0.1706.10
MinimumVisualStudioVersion = 10.0.40219.1
Project("{FAE04EC0-301F-11D3-BF4B-00C04F79EFBC}") = "FinanceLiquidityManager", "FinanceLiquidityManager\FinanceLiquidityManager.csproj", "{A6080739-EFDA-4B78-A6FD-8102168DF541}"
EndProject
Global
	GlobalSection(SolutionConfigurationPlatforms) = preSolution
		Debug|Any CPU = Debug|Any CPU
		Release|Any CPU = Release|Any CPU
	EndGlobalSection
	GlobalSection(ProjectConfigurationPlatforms) = postSolution
		{A6080739-EFDA-4B78-A6FD-8102168DF541}.Debug|Any CPU.ActiveCfg = Debug|Any CPU
		{A6080739-EFDA-4B78-A6FD-8102168DF541}.Debug|Any CPU.Build.0 = Debug|Any CPU
		{A6080739-EFDA-4B78-A6FD-8102168DF541}.Release|Any CPU.ActiveCfg = Release|Any CPU
		{A6080739-EFDA-4B78-A6FD-8102168DF541}.Release|Any CPU.Build.0 = Release|Any CPU
	EndGlobalSection
	GlobalSection(SolutionProperties) = preSolution
		HideSolutionNode = FALSE
	EndGlobalSection
	GlobalSection(ExtensibilityGlobals) = postSolution
		SolutionGuid = {49BA6D0C-BB96-4A06-8306-04E022262F8F}
	EndGlobalSection
EndGlobal
